
Microsoft Visual Studio Solution File, Format Version 12.00
# Visual Studio 14
VisualStudioVersion = 14.0.24720.0
MinimumVisualStudioVersion = 10.0.40219.1
Project("{FAE04EC0-301F-11D3-BF4B-00C04F79EFBC}") = "EchoService", "EchoService\EchoService.csproj", "{607469B4-7F77-41E0-B19F-C7CF36D3A74D}"
EndProject
Project("{FAE04EC0-301F-11D3-BF4B-00C04F79EFBC}") = "EchoClient", "EchoClient\EchoClient.csproj", "{C2C55F6E-2F05-4640-BE3A-1E0617376785}"
EndProject
Global
	GlobalSection(SolutionConfigurationPlatforms) = preSolution
		Debug|Any CPU = Debug|Any CPU
		Release|Any CPU = Release|Any CPU
	EndGlobalSection
	GlobalSection(ProjectConfigurationPlatforms) = postSolution
		{607469B4-7F77-41E0-B19F-C7CF36D3A74D}.Debug|Any CPU.ActiveCfg = Debug|Any CPU
		{607469B4-7F77-41E0-B19F-C7CF36D3A74D}.Debug|Any CPU.Build.0 = Debug|Any CPU
		{607469B4-7F77-41E0-B19F-C7CF36D3A74D}.Release|Any CPU.ActiveCfg = Release|Any CPU
		{607469B4-7F77-41E0-B19F-C7CF36D3A74D}.Release|Any CPU.Build.0 = Release|Any CPU
		{C2C55F6E-2F05-4640-BE3A-1E0617376785}.Debug|Any CPU.ActiveCfg = Debug|Any CPU
		{C2C55F6E-2F05-4640-BE3A-1E0617376785}.Debug|Any CPU.Build.0 = Debug|Any CPU
		{C2C55F6E-2F05-4640-BE3A-1E0617376785}.Release|Any CPU.ActiveCfg = Release|Any CPU
		{C2C55F6E-2F05-4640-BE3A-1E0617376785}.Release|Any CPU.Build.0 = Release|Any CPU
	EndGlobalSection
	GlobalSection(SolutionProperties) = preSolution
		HideSolutionNode = FALSE
	EndGlobalSection
EndGlobal
